// !$*UTF8*$!
{
	archiveVersion = 1;
	classes = {
	};
	objectVersion = 56;
	objects = {

/* Begin PBXBuildFile section */
		A349284C2BE25BDC00510603 /* DetailPageViewModel.swift in Sources */ = {isa = PBXBuildFile; fileRef = A349284B2BE25BDC00510603 /* DetailPageViewModel.swift */; };
		A349284E2BE25BF100510603 /* DetailPageView.swift in Sources */ = {isa = PBXBuildFile; fileRef = A349284D2BE25BF100510603 /* DetailPageView.swift */; };
		A34928502BE25C0B00510603 /* DetailPageItem.swift in Sources */ = {isa = PBXBuildFile; fileRef = A349284F2BE25C0B00510603 /* DetailPageItem.swift */; };
		A34928572BE25D6D00510603 /* LoadingView.swift in Sources */ = {isa = PBXBuildFile; fileRef = A34928562BE25D6D00510603 /* LoadingView.swift */; };
		A34928592BE25D7600510603 /* EmptyView.swift in Sources */ = {isa = PBXBuildFile; fileRef = A34928582BE25D7600510603 /* EmptyView.swift */; };
		A349285D2BE25E0900510603 /* OrthogonalListView.swift in Sources */ = {isa = PBXBuildFile; fileRef = A349285C2BE25E0900510603 /* OrthogonalListView.swift */; };
		A349285F2BE26B5700510603 /* DetailPageRepository.swift in Sources */ = {isa = PBXBuildFile; fileRef = A349285E2BE26B5700510603 /* DetailPageRepository.swift */; };
		A34928612BE278B100510603 /* DetailPageRepositoryTests.swift in Sources */ = {isa = PBXBuildFile; fileRef = A34928602BE278B100510603 /* DetailPageRepositoryTests.swift */; };
		A34928642BE28A9E00510603 /* DetailPageViewModelTests.swift in Sources */ = {isa = PBXBuildFile; fileRef = A34928632BE28A9E00510603 /* DetailPageViewModelTests.swift */; };
		A36F85562BE10EAB00B9D515 /* DisneyCharactersApp.swift in Sources */ = {isa = PBXBuildFile; fileRef = A36F85552BE10EAB00B9D515 /* DisneyCharactersApp.swift */; };
		A36F855A2BE10EAE00B9D515 /* Assets.xcassets in Resources */ = {isa = PBXBuildFile; fileRef = A36F85592BE10EAE00B9D515 /* Assets.xcassets */; };
		A36F855D2BE10EAE00B9D515 /* Preview Assets.xcassets in Resources */ = {isa = PBXBuildFile; fileRef = A36F855C2BE10EAE00B9D515 /* Preview Assets.xcassets */; };
		A36F85882BE1281B00B9D515 /* MainPageRepositoryType.swift in Sources */ = {isa = PBXBuildFile; fileRef = A36F85872BE1281B00B9D515 /* MainPageRepositoryType.swift */; };
		A36F858A2BE1282D00B9D515 /* DetailPageRepositoryType.swift in Sources */ = {isa = PBXBuildFile; fileRef = A36F85892BE1282D00B9D515 /* DetailPageRepositoryType.swift */; };
		A36F858C2BE12AC100B9D515 /* Character.swift in Sources */ = {isa = PBXBuildFile; fileRef = A36F858B2BE12AC100B9D515 /* Character.swift */; };
		A36F858E2BE12BD600B9D515 /* MainPageUseCasesType.swift in Sources */ = {isa = PBXBuildFile; fileRef = A36F858D2BE12BD600B9D515 /* MainPageUseCasesType.swift */; };
		A36F85902BE12C3A00B9D515 /* DetailPageUseCasesType.swift in Sources */ = {isa = PBXBuildFile; fileRef = A36F858F2BE12C3A00B9D515 /* DetailPageUseCasesType.swift */; };
		A36F85972BE12F0100B9D515 /* DataTransferServiceType.swift in Sources */ = {isa = PBXBuildFile; fileRef = A36F85962BE12F0100B9D515 /* DataTransferServiceType.swift */; };
		A36F85992BE12F1200B9D515 /* Endpoint.swift in Sources */ = {isa = PBXBuildFile; fileRef = A36F85982BE12F1200B9D515 /* Endpoint.swift */; };
		A36F859B2BE12F2F00B9D515 /* HTTPMethod.swift in Sources */ = {isa = PBXBuildFile; fileRef = A36F859A2BE12F2F00B9D515 /* HTTPMethod.swift */; };
		A36F859D2BE12F4600B9D515 /* NetworkServiceType.swift in Sources */ = {isa = PBXBuildFile; fileRef = A36F859C2BE12F4600B9D515 /* NetworkServiceType.swift */; };
		A36F859F2BE12F5A00B9D515 /* NetworkService.swift in Sources */ = {isa = PBXBuildFile; fileRef = A36F859E2BE12F5A00B9D515 /* NetworkService.swift */; };
		A36F85A32BE12F9E00B9D515 /* Publisher+Extension.swift in Sources */ = {isa = PBXBuildFile; fileRef = A36F85A22BE12F9E00B9D515 /* Publisher+Extension.swift */; };
		A36F85A52BE1306600B9D515 /* MainPageRepository.swift in Sources */ = {isa = PBXBuildFile; fileRef = A36F85A42BE1306600B9D515 /* MainPageRepository.swift */; };
		A36F85A82BE1310A00B9D515 /* DisneyAPIEndopoint.swift in Sources */ = {isa = PBXBuildFile; fileRef = A36F85A72BE1310A00B9D515 /* DisneyAPIEndopoint.swift */; };
		A36F85AB2BE1315100B9D515 /* MainPageRepositoryPageTests.swift in Sources */ = {isa = PBXBuildFile; fileRef = A36F85AA2BE1315100B9D515 /* MainPageRepositoryPageTests.swift */; };
		A36F85AD2BE1319300B9D515 /* NetworkDataTransferService.swift in Sources */ = {isa = PBXBuildFile; fileRef = A36F85AC2BE1319300B9D515 /* NetworkDataTransferService.swift */; };
		A36F85AF2BE1554200B9D515 /* Response.swift in Sources */ = {isa = PBXBuildFile; fileRef = A36F85AE2BE1554200B9D515 /* Response.swift */; };
		A36F85B12BE1590F00B9D515 /* API.swift in Sources */ = {isa = PBXBuildFile; fileRef = A36F85B02BE1590F00B9D515 /* API.swift */; };
		A36F85B62BE15D7100B9D515 /* MockData.swift in Sources */ = {isa = PBXBuildFile; fileRef = A36F85B52BE15D7100B9D515 /* MockData.swift */; };
		A36F85B82BE15D8C00B9D515 /* NetworkServiceTests.swift in Sources */ = {isa = PBXBuildFile; fileRef = A36F85B72BE15D8C00B9D515 /* NetworkServiceTests.swift */; };
		A36F85BB2BE15E1600B9D515 /* MockMainPageEndpoint.swift in Sources */ = {isa = PBXBuildFile; fileRef = A36F85BA2BE15E1600B9D515 /* MockMainPageEndpoint.swift */; };
		A36F85BD2BE15E3A00B9D515 /* URLProtocolMock.swift in Sources */ = {isa = PBXBuildFile; fileRef = A36F85BC2BE15E3A00B9D515 /* URLProtocolMock.swift */; };
		A36F85C12BE1630700B9D515 /* mockCharacterJson.json in Resources */ = {isa = PBXBuildFile; fileRef = A36F85B92BE15DBF00B9D515 /* mockCharacterJson.json */; };
		A36F85CB2BE1661100B9D515 /* DisneyCharactersUITests.swift in Sources */ = {isa = PBXBuildFile; fileRef = A36F85CA2BE1661100B9D515 /* DisneyCharactersUITests.swift */; };
		A36F85CD2BE1661100B9D515 /* DisneyCharactersUITestsLaunchTests.swift in Sources */ = {isa = PBXBuildFile; fileRef = A36F85CC2BE1661100B9D515 /* DisneyCharactersUITestsLaunchTests.swift */; };
		A36F85D52BE1730B00B9D515 /* DependencyContainer.swift in Sources */ = {isa = PBXBuildFile; fileRef = A36F85D42BE1730B00B9D515 /* DependencyContainer.swift */; };
		A36F85DA2BE173D900B9D515 /* MainPageViewModel.swift in Sources */ = {isa = PBXBuildFile; fileRef = A36F85D92BE173D900B9D515 /* MainPageViewModel.swift */; };
		A36F85DC2BE173E900B9D515 /* MainPageView.swift in Sources */ = {isa = PBXBuildFile; fileRef = A36F85DB2BE173E900B9D515 /* MainPageView.swift */; };
		A36F85DE2BE1759F00B9D515 /* AppDependencyContainer.swift in Sources */ = {isa = PBXBuildFile; fileRef = A36F85DD2BE1759F00B9D515 /* AppDependencyContainer.swift */; };
		A36F85E22BE1825700B9D515 /* MainPageViewModelTests.swift in Sources */ = {isa = PBXBuildFile; fileRef = A36F85E12BE1825700B9D515 /* MainPageViewModelTests.swift */; };
		A36F85E52BE184B200B9D515 /* ViewState.swift in Sources */ = {isa = PBXBuildFile; fileRef = A36F85E42BE184B200B9D515 /* ViewState.swift */; };
		A36F85E72BE184BD00B9D515 /* MainPageListItem.swift in Sources */ = {isa = PBXBuildFile; fileRef = A36F85E62BE184BD00B9D515 /* MainPageListItem.swift */; };
		A36F85E92BE1A7EF00B9D515 /* LocalDataTransferService.swift in Sources */ = {isa = PBXBuildFile; fileRef = A36F85E82BE1A7EF00B9D515 /* LocalDataTransferService.swift */; };
		A36F85EB2BE1A9C100B9D515 /* LocalDataService.swift in Sources */ = {isa = PBXBuildFile; fileRef = A36F85EA2BE1A9C100B9D515 /* LocalDataService.swift */; };
		A36F85EE2BE1B48400B9D515 /* LocalDataServiceTests.swift in Sources */ = {isa = PBXBuildFile; fileRef = A36F85ED2BE1B48400B9D515 /* LocalDataServiceTests.swift */; };
		A3CF3F222BE3050A00D47A74 /* Array+Extension.swift in Sources */ = {isa = PBXBuildFile; fileRef = A3CF3F212BE3050A00D47A74 /* Array+Extension.swift */; };
		A3CF3F252BE3702D00D47A74 /* UserDefaultsStorage.swift in Sources */ = {isa = PBXBuildFile; fileRef = A3CF3F242BE3702D00D47A74 /* UserDefaultsStorage.swift */; };
		A3CF3F2A2BE3CC8900D47A74 /* ViewDidLoadModifier.swift in Sources */ = {isa = PBXBuildFile; fileRef = A3CF3F292BE3CC8900D47A74 /* ViewDidLoadModifier.swift */; };
		A3CF3F2C2BE3CCB000D47A74 /* View+Extension.swift in Sources */ = {isa = PBXBuildFile; fileRef = A3CF3F2B2BE3CCB000D47A74 /* View+Extension.swift */; };
		A3CF3F2E2BE3D6BA00D47A74 /* CustomError.swift in Sources */ = {isa = PBXBuildFile; fileRef = A3CF3F2D2BE3D6BA00D47A74 /* CustomError.swift */; };
/* End PBXBuildFile section */

/* Begin PBXContainerItemProxy section */
		A36F85632BE10EAF00B9D515 /* PBXContainerItemProxy */ = {
			isa = PBXContainerItemProxy;
			containerPortal = A36F854A2BE10EAB00B9D515 /* Project object */;
			proxyType = 1;
			remoteGlobalIDString = A36F85512BE10EAB00B9D515;
			remoteInfo = DisneyCharacters;
		};
		A36F85CE2BE1661100B9D515 /* PBXContainerItemProxy */ = {
			isa = PBXContainerItemProxy;
			containerPortal = A36F854A2BE10EAB00B9D515 /* Project object */;
			proxyType = 1;
			remoteGlobalIDString = A36F85512BE10EAB00B9D515;
			remoteInfo = DisneyCharacters;
		};
/* End PBXContainerItemProxy section */

/* Begin PBXFileReference section */
		A349284B2BE25BDC00510603 /* DetailPageViewModel.swift */ = {isa = PBXFileReference; lastKnownFileType = sourcecode.swift; path = DetailPageViewModel.swift; sourceTree = "<group>"; };
		A349284D2BE25BF100510603 /* DetailPageView.swift */ = {isa = PBXFileReference; lastKnownFileType = sourcecode.swift; path = DetailPageView.swift; sourceTree = "<group>"; };
		A349284F2BE25C0B00510603 /* DetailPageItem.swift */ = {isa = PBXFileReference; lastKnownFileType = sourcecode.swift; path = DetailPageItem.swift; sourceTree = "<group>"; };
		A34928562BE25D6D00510603 /* LoadingView.swift */ = {isa = PBXFileReference; lastKnownFileType = sourcecode.swift; path = LoadingView.swift; sourceTree = "<group>"; };
		A34928582BE25D7600510603 /* EmptyView.swift */ = {isa = PBXFileReference; lastKnownFileType = sourcecode.swift; path = EmptyView.swift; sourceTree = "<group>"; };
		A349285C2BE25E0900510603 /* OrthogonalListView.swift */ = {isa = PBXFileReference; lastKnownFileType = sourcecode.swift; path = OrthogonalListView.swift; sourceTree = "<group>"; };
		A349285E2BE26B5700510603 /* DetailPageRepository.swift */ = {isa = PBXFileReference; lastKnownFileType = sourcecode.swift; path = DetailPageRepository.swift; sourceTree = "<group>"; };
		A34928602BE278B100510603 /* DetailPageRepositoryTests.swift */ = {isa = PBXFileReference; lastKnownFileType = sourcecode.swift; path = DetailPageRepositoryTests.swift; sourceTree = "<group>"; };
		A34928632BE28A9E00510603 /* DetailPageViewModelTests.swift */ = {isa = PBXFileReference; lastKnownFileType = sourcecode.swift; path = DetailPageViewModelTests.swift; sourceTree = "<group>"; };
		A36F85522BE10EAB00B9D515 /* DisneyCharacters.app */ = {isa = PBXFileReference; explicitFileType = wrapper.application; includeInIndex = 0; path = DisneyCharacters.app; sourceTree = BUILT_PRODUCTS_DIR; };
		A36F85552BE10EAB00B9D515 /* DisneyCharactersApp.swift */ = {isa = PBXFileReference; lastKnownFileType = sourcecode.swift; path = DisneyCharactersApp.swift; sourceTree = "<group>"; };
		A36F85592BE10EAE00B9D515 /* Assets.xcassets */ = {isa = PBXFileReference; lastKnownFileType = folder.assetcatalog; path = Assets.xcassets; sourceTree = "<group>"; };
		A36F855C2BE10EAE00B9D515 /* Preview Assets.xcassets */ = {isa = PBXFileReference; lastKnownFileType = folder.assetcatalog; path = "Preview Assets.xcassets"; sourceTree = "<group>"; };
		A36F85622BE10EAF00B9D515 /* DisneyCharactersTests.xctest */ = {isa = PBXFileReference; explicitFileType = wrapper.cfbundle; includeInIndex = 0; path = DisneyCharactersTests.xctest; sourceTree = BUILT_PRODUCTS_DIR; };
		A36F85872BE1281B00B9D515 /* MainPageRepositoryType.swift */ = {isa = PBXFileReference; lastKnownFileType = sourcecode.swift; path = MainPageRepositoryType.swift; sourceTree = "<group>"; };
		A36F85892BE1282D00B9D515 /* DetailPageRepositoryType.swift */ = {isa = PBXFileReference; lastKnownFileType = sourcecode.swift; path = DetailPageRepositoryType.swift; sourceTree = "<group>"; };
		A36F858B2BE12AC100B9D515 /* Character.swift */ = {isa = PBXFileReference; lastKnownFileType = sourcecode.swift; path = Character.swift; sourceTree = "<group>"; };
		A36F858D2BE12BD600B9D515 /* MainPageUseCasesType.swift */ = {isa = PBXFileReference; lastKnownFileType = sourcecode.swift; path = MainPageUseCasesType.swift; sourceTree = "<group>"; };
		A36F858F2BE12C3A00B9D515 /* DetailPageUseCasesType.swift */ = {isa = PBXFileReference; lastKnownFileType = sourcecode.swift; path = DetailPageUseCasesType.swift; sourceTree = "<group>"; };
		A36F85962BE12F0100B9D515 /* DataTransferServiceType.swift */ = {isa = PBXFileReference; lastKnownFileType = sourcecode.swift; path = DataTransferServiceType.swift; sourceTree = "<group>"; };
		A36F85982BE12F1200B9D515 /* Endpoint.swift */ = {isa = PBXFileReference; lastKnownFileType = sourcecode.swift; path = Endpoint.swift; sourceTree = "<group>"; };
		A36F859A2BE12F2F00B9D515 /* HTTPMethod.swift */ = {isa = PBXFileReference; lastKnownFileType = sourcecode.swift; path = HTTPMethod.swift; sourceTree = "<group>"; };
		A36F859C2BE12F4600B9D515 /* NetworkServiceType.swift */ = {isa = PBXFileReference; lastKnownFileType = sourcecode.swift; path = NetworkServiceType.swift; sourceTree = "<group>"; };
		A36F859E2BE12F5A00B9D515 /* NetworkService.swift */ = {isa = PBXFileReference; lastKnownFileType = sourcecode.swift; path = NetworkService.swift; sourceTree = "<group>"; };
		A36F85A22BE12F9E00B9D515 /* Publisher+Extension.swift */ = {isa = PBXFileReference; lastKnownFileType = sourcecode.swift; path = "Publisher+Extension.swift"; sourceTree = "<group>"; };
		A36F85A42BE1306600B9D515 /* MainPageRepository.swift */ = {isa = PBXFileReference; lastKnownFileType = sourcecode.swift; path = MainPageRepository.swift; sourceTree = "<group>"; };
		A36F85A72BE1310A00B9D515 /* DisneyAPIEndopoint.swift */ = {isa = PBXFileReference; lastKnownFileType = sourcecode.swift; path = DisneyAPIEndopoint.swift; sourceTree = "<group>"; };
		A36F85AA2BE1315100B9D515 /* MainPageRepositoryPageTests.swift */ = {isa = PBXFileReference; lastKnownFileType = sourcecode.swift; path = MainPageRepositoryPageTests.swift; sourceTree = "<group>"; };
		A36F85AC2BE1319300B9D515 /* NetworkDataTransferService.swift */ = {isa = PBXFileReference; lastKnownFileType = sourcecode.swift; path = NetworkDataTransferService.swift; sourceTree = "<group>"; };
		A36F85AE2BE1554200B9D515 /* Response.swift */ = {isa = PBXFileReference; lastKnownFileType = sourcecode.swift; path = Response.swift; sourceTree = "<group>"; };
		A36F85B02BE1590F00B9D515 /* API.swift */ = {isa = PBXFileReference; lastKnownFileType = sourcecode.swift; path = API.swift; sourceTree = "<group>"; };
		A36F85B52BE15D7100B9D515 /* MockData.swift */ = {isa = PBXFileReference; lastKnownFileType = sourcecode.swift; path = MockData.swift; sourceTree = "<group>"; };
		A36F85B72BE15D8C00B9D515 /* NetworkServiceTests.swift */ = {isa = PBXFileReference; lastKnownFileType = sourcecode.swift; path = NetworkServiceTests.swift; sourceTree = "<group>"; };
		A36F85B92BE15DBF00B9D515 /* mockCharacterJson.json */ = {isa = PBXFileReference; lastKnownFileType = text.json; path = mockCharacterJson.json; sourceTree = "<group>"; };
		A36F85BA2BE15E1600B9D515 /* MockMainPageEndpoint.swift */ = {isa = PBXFileReference; lastKnownFileType = sourcecode.swift; path = MockMainPageEndpoint.swift; sourceTree = "<group>"; };
		A36F85BC2BE15E3A00B9D515 /* URLProtocolMock.swift */ = {isa = PBXFileReference; lastKnownFileType = sourcecode.swift; path = URLProtocolMock.swift; sourceTree = "<group>"; };
		A36F85C82BE1661100B9D515 /* DisneyCharactersUITests.xctest */ = {isa = PBXFileReference; explicitFileType = wrapper.cfbundle; includeInIndex = 0; path = DisneyCharactersUITests.xctest; sourceTree = BUILT_PRODUCTS_DIR; };
		A36F85CA2BE1661100B9D515 /* DisneyCharactersUITests.swift */ = {isa = PBXFileReference; lastKnownFileType = sourcecode.swift; path = DisneyCharactersUITests.swift; sourceTree = "<group>"; };
		A36F85CC2BE1661100B9D515 /* DisneyCharactersUITestsLaunchTests.swift */ = {isa = PBXFileReference; lastKnownFileType = sourcecode.swift; path = DisneyCharactersUITestsLaunchTests.swift; sourceTree = "<group>"; };
		A36F85D42BE1730B00B9D515 /* DependencyContainer.swift */ = {isa = PBXFileReference; lastKnownFileType = sourcecode.swift; path = DependencyContainer.swift; sourceTree = "<group>"; };
		A36F85D92BE173D900B9D515 /* MainPageViewModel.swift */ = {isa = PBXFileReference; lastKnownFileType = sourcecode.swift; path = MainPageViewModel.swift; sourceTree = "<group>"; };
		A36F85DB2BE173E900B9D515 /* MainPageView.swift */ = {isa = PBXFileReference; lastKnownFileType = sourcecode.swift; path = MainPageView.swift; sourceTree = "<group>"; };
		A36F85DD2BE1759F00B9D515 /* AppDependencyContainer.swift */ = {isa = PBXFileReference; lastKnownFileType = sourcecode.swift; path = AppDependencyContainer.swift; sourceTree = "<group>"; };
		A36F85E12BE1825700B9D515 /* MainPageViewModelTests.swift */ = {isa = PBXFileReference; lastKnownFileType = sourcecode.swift; path = MainPageViewModelTests.swift; sourceTree = "<group>"; };
		A36F85E42BE184B200B9D515 /* ViewState.swift */ = {isa = PBXFileReference; lastKnownFileType = sourcecode.swift; path = ViewState.swift; sourceTree = "<group>"; };
		A36F85E62BE184BD00B9D515 /* MainPageListItem.swift */ = {isa = PBXFileReference; lastKnownFileType = sourcecode.swift; path = MainPageListItem.swift; sourceTree = "<group>"; };
		A36F85E82BE1A7EF00B9D515 /* LocalDataTransferService.swift */ = {isa = PBXFileReference; lastKnownFileType = sourcecode.swift; path = LocalDataTransferService.swift; sourceTree = "<group>"; };
		A36F85EA2BE1A9C100B9D515 /* LocalDataService.swift */ = {isa = PBXFileReference; lastKnownFileType = sourcecode.swift; path = LocalDataService.swift; sourceTree = "<group>"; };
		A36F85ED2BE1B48400B9D515 /* LocalDataServiceTests.swift */ = {isa = PBXFileReference; lastKnownFileType = sourcecode.swift; path = LocalDataServiceTests.swift; sourceTree = "<group>"; };
		A3CF3F212BE3050A00D47A74 /* Array+Extension.swift */ = {isa = PBXFileReference; lastKnownFileType = sourcecode.swift; path = "Array+Extension.swift"; sourceTree = "<group>"; };
		A3CF3F242BE3702D00D47A74 /* UserDefaultsStorage.swift */ = {isa = PBXFileReference; lastKnownFileType = sourcecode.swift; path = UserDefaultsStorage.swift; sourceTree = "<group>"; };
		A3CF3F292BE3CC8900D47A74 /* ViewDidLoadModifier.swift */ = {isa = PBXFileReference; lastKnownFileType = sourcecode.swift; path = ViewDidLoadModifier.swift; sourceTree = "<group>"; };
		A3CF3F2B2BE3CCB000D47A74 /* View+Extension.swift */ = {isa = PBXFileReference; lastKnownFileType = sourcecode.swift; path = "View+Extension.swift"; sourceTree = "<group>"; };
		A3CF3F2D2BE3D6BA00D47A74 /* CustomError.swift */ = {isa = PBXFileReference; lastKnownFileType = sourcecode.swift; path = CustomError.swift; sourceTree = "<group>"; };
/* End PBXFileReference section */

/* Begin PBXFrameworksBuildPhase section */
		A36F854F2BE10EAB00B9D515 /* Frameworks */ = {
			isa = PBXFrameworksBuildPhase;
			buildActionMask = 2147483647;
			files = (
			);
			runOnlyForDeploymentPostprocessing = 0;
		};
		A36F855F2BE10EAF00B9D515 /* Frameworks */ = {
			isa = PBXFrameworksBuildPhase;
			buildActionMask = 2147483647;
			files = (
			);
			runOnlyForDeploymentPostprocessing = 0;
		};
		A36F85C52BE1661100B9D515 /* Frameworks */ = {
			isa = PBXFrameworksBuildPhase;
			buildActionMask = 2147483647;
			files = (
			);
			runOnlyForDeploymentPostprocessing = 0;
		};
/* End PBXFrameworksBuildPhase section */

/* Begin PBXGroup section */
		A349284A2BE25BBE00510603 /* DetailPage */ = {
			isa = PBXGroup;
			children = (
				A349284B2BE25BDC00510603 /* DetailPageViewModel.swift */,
				A349284D2BE25BF100510603 /* DetailPageView.swift */,
				A349284F2BE25C0B00510603 /* DetailPageItem.swift */,
			);
			path = DetailPage;
			sourceTree = "<group>";
		};
		A34928532BE25D0100510603 /* UI */ = {
			isa = PBXGroup;
			children = (
				A3CF3F282BE3CC7C00D47A74 /* Modifiers */,
				A36F85E42BE184B200B9D515 /* ViewState.swift */,
				A34928562BE25D6D00510603 /* LoadingView.swift */,
				A34928582BE25D7600510603 /* EmptyView.swift */,
			);
			path = UI;
			sourceTree = "<group>";
		};
		A34928622BE28A8800510603 /* DetailPage */ = {
			isa = PBXGroup;
			children = (
				A34928632BE28A9E00510603 /* DetailPageViewModelTests.swift */,
			);
			path = DetailPage;
			sourceTree = "<group>";
		};
		A36F85492BE10EAB00B9D515 = {
			isa = PBXGroup;
			children = (
				A36F85542BE10EAB00B9D515 /* DisneyCharacters */,
				A36F85652BE10EAF00B9D515 /* DisneyCharactersTests */,
				A36F85C92BE1661100B9D515 /* DisneyCharactersUITests */,
				A36F85532BE10EAB00B9D515 /* Products */,
			);
			sourceTree = "<group>";
		};
		A36F85532BE10EAB00B9D515 /* Products */ = {
			isa = PBXGroup;
			children = (
				A36F85522BE10EAB00B9D515 /* DisneyCharacters.app */,
				A36F85622BE10EAF00B9D515 /* DisneyCharactersTests.xctest */,
				A36F85C82BE1661100B9D515 /* DisneyCharactersUITests.xctest */,
			);
			name = Products;
			sourceTree = "<group>";
		};
		A36F85542BE10EAB00B9D515 /* DisneyCharacters */ = {
			isa = PBXGroup;
			children = (
				A36F85A02BE12F7600B9D515 /* Common */,
				A36F85912BE12EA500B9D515 /* Setvices */,
				A36F85822BE11FC800B9D515 /* Application */,
				A36F85812BE11FC300B9D515 /* Data */,
				A36F85802BE11FBB00B9D515 /* Presenter */,
				A36F857F2BE11FB200B9D515 /* Domain */,
				A36F85592BE10EAE00B9D515 /* Assets.xcassets */,
				A36F855B2BE10EAE00B9D515 /* Preview Content */,
			);
			path = DisneyCharacters;
			sourceTree = "<group>";
		};
		A36F855B2BE10EAE00B9D515 /* Preview Content */ = {
			isa = PBXGroup;
			children = (
				A36F855C2BE10EAE00B9D515 /* Preview Assets.xcassets */,
			);
			path = "Preview Content";
			sourceTree = "<group>";
		};
		A36F85652BE10EAF00B9D515 /* DisneyCharactersTests */ = {
			isa = PBXGroup;
			children = (
				A36F85DF2BE1823900B9D515 /* Presenters */,
				A36F85B22BE15CE400B9D515 /* Services */,
				A36F85A92BE1314100B9D515 /* Data */,
			);
			path = DisneyCharactersTests;
			sourceTree = "<group>";
		};
		A36F857F2BE11FB200B9D515 /* Domain */ = {
			isa = PBXGroup;
			children = (
				A36F85852BE1201300B9D515 /* RepositoryInterfaces */,
				A36F85842BE1200C00B9D515 /* UseCases */,
				A36F85832BE11FE800B9D515 /* Entities */,
			);
			path = Domain;
			sourceTree = "<group>";
		};
		A36F85802BE11FBB00B9D515 /* Presenter */ = {
			isa = PBXGroup;
			children = (
				A349284A2BE25BBE00510603 /* DetailPage */,
				A36F85D62BE173BC00B9D515 /* MainPage */,
			);
			path = Presenter;
			sourceTree = "<group>";
		};
		A36F85812BE11FC300B9D515 /* Data */ = {
			isa = PBXGroup;
			children = (
				A36F85862BE1206D00B9D515 /*  Repositories */,
			);
			path = Data;
			sourceTree = "<group>";
		};
		A36F85822BE11FC800B9D515 /* Application */ = {
			isa = PBXGroup;
			children = (
				A36F85552BE10EAB00B9D515 /* DisneyCharactersApp.swift */,
				A36F85D32BE172D600B9D515 /* DependencyContainer */,
			);
			path = Application;
			sourceTree = "<group>";
		};
		A36F85832BE11FE800B9D515 /* Entities */ = {
			isa = PBXGroup;
			children = (
				A36F858B2BE12AC100B9D515 /* Character.swift */,
				A36F85AE2BE1554200B9D515 /* Response.swift */,
			);
			path = Entities;
			sourceTree = "<group>";
		};
		A36F85842BE1200C00B9D515 /* UseCases */ = {
			isa = PBXGroup;
			children = (
				A36F858D2BE12BD600B9D515 /* MainPageUseCasesType.swift */,
				A36F858F2BE12C3A00B9D515 /* DetailPageUseCasesType.swift */,
			);
			path = UseCases;
			sourceTree = "<group>";
		};
		A36F85852BE1201300B9D515 /* RepositoryInterfaces */ = {
			isa = PBXGroup;
			children = (
				A36F85872BE1281B00B9D515 /* MainPageRepositoryType.swift */,
				A36F85892BE1282D00B9D515 /* DetailPageRepositoryType.swift */,
			);
			path = RepositoryInterfaces;
			sourceTree = "<group>";
		};
		A36F85862BE1206D00B9D515 /*  Repositories */ = {
			isa = PBXGroup;
			children = (
				A36F85A42BE1306600B9D515 /* MainPageRepository.swift */,
				A349285E2BE26B5700510603 /* DetailPageRepository.swift */,
			);
			path = " Repositories";
			sourceTree = "<group>";
		};
		A36F85912BE12EA500B9D515 /* Setvices */ = {
			isa = PBXGroup;
			children = (
				A3CF3F262BE3705E00D47A74 /* LocalDataService */,
				A3CF3F232BE3701600D47A74 /* PersistenceStorage */,
				A36F85922BE12EB200B9D515 /* DataTransferService */,
				A36F85932BE12EBC00B9D515 /* NetworkService */,
			);
			path = Setvices;
			sourceTree = "<group>";
		};
		A36F85922BE12EB200B9D515 /* DataTransferService */ = {
			isa = PBXGroup;
			children = (
				A36F85962BE12F0100B9D515 /* DataTransferServiceType.swift */,
				A36F85AC2BE1319300B9D515 /* NetworkDataTransferService.swift */,
				A36F85E82BE1A7EF00B9D515 /* LocalDataTransferService.swift */,
			);
			path = DataTransferService;
			sourceTree = "<group>";
		};
		A36F85932BE12EBC00B9D515 /* NetworkService */ = {
			isa = PBXGroup;
			children = (
				A36F85A62BE130F200B9D515 /* Endpoints */,
				A36F859C2BE12F4600B9D515 /* NetworkServiceType.swift */,
				A36F859E2BE12F5A00B9D515 /* NetworkService.swift */,
				A36F859A2BE12F2F00B9D515 /* HTTPMethod.swift */,
				A36F85B02BE1590F00B9D515 /* API.swift */,
			);
			path = NetworkService;
			sourceTree = "<group>";
		};
		A36F85A02BE12F7600B9D515 /* Common */ = {
			isa = PBXGroup;
			children = (
				A34928532BE25D0100510603 /* UI */,
				A36F85A12BE12F8000B9D515 /* Extensions */,
				A3CF3F2D2BE3D6BA00D47A74 /* CustomError.swift */,
			);
			path = Common;
			sourceTree = "<group>";
		};
		A36F85A12BE12F8000B9D515 /* Extensions */ = {
			isa = PBXGroup;
			children = (
				A36F85A22BE12F9E00B9D515 /* Publisher+Extension.swift */,
				A3CF3F212BE3050A00D47A74 /* Array+Extension.swift */,
				A3CF3F2B2BE3CCB000D47A74 /* View+Extension.swift */,
			);
			path = Extensions;
			sourceTree = "<group>";
		};
		A36F85A62BE130F200B9D515 /* Endpoints */ = {
			isa = PBXGroup;
			children = (
				A36F85982BE12F1200B9D515 /* Endpoint.swift */,
				A36F85A72BE1310A00B9D515 /* DisneyAPIEndopoint.swift */,
			);
			path = Endpoints;
			sourceTree = "<group>";
		};
		A36F85A92BE1314100B9D515 /* Data */ = {
			isa = PBXGroup;
			children = (
				A36F85AA2BE1315100B9D515 /* MainPageRepositoryPageTests.swift */,
				A34928602BE278B100510603 /* DetailPageRepositoryTests.swift */,
			);
			path = Data;
			sourceTree = "<group>";
		};
		A36F85B22BE15CE400B9D515 /* Services */ = {
			isa = PBXGroup;
			children = (
				A36F85EC2BE1B46A00B9D515 /* LocalDataService */,
				A36F85B32BE15D3C00B9D515 /* NetworkService */,
			);
			path = Services;
			sourceTree = "<group>";
		};
		A36F85B32BE15D3C00B9D515 /* NetworkService */ = {
			isa = PBXGroup;
			children = (
				A36F85B42BE15D5400B9D515 /* Mockups */,
				A36F85B72BE15D8C00B9D515 /* NetworkServiceTests.swift */,
			);
			path = NetworkService;
			sourceTree = "<group>";
		};
		A36F85B42BE15D5400B9D515 /* Mockups */ = {
			isa = PBXGroup;
			children = (
				A36F85B52BE15D7100B9D515 /* MockData.swift */,
				A36F85B92BE15DBF00B9D515 /* mockCharacterJson.json */,
				A36F85BA2BE15E1600B9D515 /* MockMainPageEndpoint.swift */,
				A36F85BC2BE15E3A00B9D515 /* URLProtocolMock.swift */,
			);
			path = Mockups;
			sourceTree = "<group>";
		};
		A36F85C92BE1661100B9D515 /* DisneyCharactersUITests */ = {
			isa = PBXGroup;
			children = (
				A36F85CA2BE1661100B9D515 /* DisneyCharactersUITests.swift */,
				A36F85CC2BE1661100B9D515 /* DisneyCharactersUITestsLaunchTests.swift */,
			);
			path = DisneyCharactersUITests;
			sourceTree = "<group>";
		};
		A36F85D32BE172D600B9D515 /* DependencyContainer */ = {
			isa = PBXGroup;
			children = (
				A36F85D42BE1730B00B9D515 /* DependencyContainer.swift */,
				A36F85DD2BE1759F00B9D515 /* AppDependencyContainer.swift */,
			);
			path = DependencyContainer;
			sourceTree = "<group>";
		};
		A36F85D62BE173BC00B9D515 /* MainPage */ = {
			isa = PBXGroup;
			children = (
				A36F85D92BE173D900B9D515 /* MainPageViewModel.swift */,
				A36F85DB2BE173E900B9D515 /* MainPageView.swift */,
				A36F85E62BE184BD00B9D515 /* MainPageListItem.swift */,
				A349285C2BE25E0900510603 /* OrthogonalListView.swift */,
			);
			path = MainPage;
			sourceTree = "<group>";
		};
		A36F85DF2BE1823900B9D515 /* Presenters */ = {
			isa = PBXGroup;
			children = (
				A34928622BE28A8800510603 /* DetailPage */,
				A36F85E02BE1824400B9D515 /* MainPage */,
			);
			path = Presenters;
			sourceTree = "<group>";
		};
		A36F85E02BE1824400B9D515 /* MainPage */ = {
			isa = PBXGroup;
			children = (
				A36F85E12BE1825700B9D515 /* MainPageViewModelTests.swift */,
			);
			path = MainPage;
			sourceTree = "<group>";
		};
		A36F85EC2BE1B46A00B9D515 /* LocalDataService */ = {
			isa = PBXGroup;
			children = (
				A36F85ED2BE1B48400B9D515 /* LocalDataServiceTests.swift */,
			);
			path = LocalDataService;
			sourceTree = "<group>";
		};
		A3CF3F232BE3701600D47A74 /* PersistenceStorage */ = {
			isa = PBXGroup;
			children = (
				A3CF3F242BE3702D00D47A74 /* UserDefaultsStorage.swift */,
			);
			path = PersistenceStorage;
			sourceTree = "<group>";
		};
		A3CF3F262BE3705E00D47A74 /* LocalDataService */ = {
			isa = PBXGroup;
			children = (
				A36F85EA2BE1A9C100B9D515 /* LocalDataService.swift */,
			);
			path = LocalDataService;
			sourceTree = "<group>";
		};
		A3CF3F282BE3CC7C00D47A74 /* Modifiers */ = {
			isa = PBXGroup;
			children = (
				A3CF3F292BE3CC8900D47A74 /* ViewDidLoadModifier.swift */,
			);
			path = Modifiers;
			sourceTree = "<group>";
		};
/* End PBXGroup section */

/* Begin PBXNativeTarget section */
		A36F85512BE10EAB00B9D515 /* DisneyCharacters */ = {
			isa = PBXNativeTarget;
			buildConfigurationList = A36F85762BE10EAF00B9D515 /* Build configuration list for PBXNativeTarget "DisneyCharacters" */;
			buildPhases = (
				A36F854E2BE10EAB00B9D515 /* Sources */,
				A36F854F2BE10EAB00B9D515 /* Frameworks */,
				A36F85502BE10EAB00B9D515 /* Resources */,
			);
			buildRules = (
			);
			dependencies = (
			);
			name = DisneyCharacters;
			productName = DisneyCharacters;
			productReference = A36F85522BE10EAB00B9D515 /* DisneyCharacters.app */;
			productType = "com.apple.product-type.application";
		};
		A36F85612BE10EAF00B9D515 /* DisneyCharactersTests */ = {
			isa = PBXNativeTarget;
			buildConfigurationList = A36F85792BE10EAF00B9D515 /* Build configuration list for PBXNativeTarget "DisneyCharactersTests" */;
			buildPhases = (
				A36F855E2BE10EAF00B9D515 /* Sources */,
				A36F855F2BE10EAF00B9D515 /* Frameworks */,
				A36F85602BE10EAF00B9D515 /* Resources */,
			);
			buildRules = (
			);
			dependencies = (
				A36F85642BE10EAF00B9D515 /* PBXTargetDependency */,
			);
			name = DisneyCharactersTests;
			productName = DisneyCharactersTests;
			productReference = A36F85622BE10EAF00B9D515 /* DisneyCharactersTests.xctest */;
			productType = "com.apple.product-type.bundle.unit-test";
		};
		A36F85C72BE1661100B9D515 /* DisneyCharactersUITests */ = {
			isa = PBXNativeTarget;
			buildConfigurationList = A36F85D02BE1661100B9D515 /* Build configuration list for PBXNativeTarget "DisneyCharactersUITests" */;
			buildPhases = (
				A36F85C42BE1661100B9D515 /* Sources */,
				A36F85C52BE1661100B9D515 /* Frameworks */,
				A36F85C62BE1661100B9D515 /* Resources */,
			);
			buildRules = (
			);
			dependencies = (
				A36F85CF2BE1661100B9D515 /* PBXTargetDependency */,
			);
			name = DisneyCharactersUITests;
			productName = DisneyCharactersUITests;
			productReference = A36F85C82BE1661100B9D515 /* DisneyCharactersUITests.xctest */;
			productType = "com.apple.product-type.bundle.ui-testing";
		};
/* End PBXNativeTarget section */

/* Begin PBXProject section */
		A36F854A2BE10EAB00B9D515 /* Project object */ = {
			isa = PBXProject;
			attributes = {
				BuildIndependentTargetsInParallel = 1;
				LastSwiftUpdateCheck = 1430;
				LastUpgradeCheck = 1430;
				TargetAttributes = {
					A36F85512BE10EAB00B9D515 = {
						CreatedOnToolsVersion = 14.3;
					};
					A36F85612BE10EAF00B9D515 = {
						CreatedOnToolsVersion = 14.3;
						TestTargetID = A36F85512BE10EAB00B9D515;
					};
					A36F85C72BE1661100B9D515 = {
						CreatedOnToolsVersion = 14.3;
						TestTargetID = A36F85512BE10EAB00B9D515;
					};
				};
			};
			buildConfigurationList = A36F854D2BE10EAB00B9D515 /* Build configuration list for PBXProject "DisneyCharacters" */;
			compatibilityVersion = "Xcode 14.0";
			developmentRegion = en;
			hasScannedForEncodings = 0;
			knownRegions = (
				en,
				Base,
			);
			mainGroup = A36F85492BE10EAB00B9D515;
			productRefGroup = A36F85532BE10EAB00B9D515 /* Products */;
			projectDirPath = "";
			projectRoot = "";
			targets = (
				A36F85512BE10EAB00B9D515 /* DisneyCharacters */,
				A36F85612BE10EAF00B9D515 /* DisneyCharactersTests */,
				A36F85C72BE1661100B9D515 /* DisneyCharactersUITests */,
			);
		};
/* End PBXProject section */

/* Begin PBXResourcesBuildPhase section */
		A36F85502BE10EAB00B9D515 /* Resources */ = {
			isa = PBXResourcesBuildPhase;
			buildActionMask = 2147483647;
			files = (
				A36F855D2BE10EAE00B9D515 /* Preview Assets.xcassets in Resources */,
				A36F855A2BE10EAE00B9D515 /* Assets.xcassets in Resources */,
			);
			runOnlyForDeploymentPostprocessing = 0;
		};
		A36F85602BE10EAF00B9D515 /* Resources */ = {
			isa = PBXResourcesBuildPhase;
			buildActionMask = 2147483647;
			files = (
				A36F85C12BE1630700B9D515 /* mockCharacterJson.json in Resources */,
			);
			runOnlyForDeploymentPostprocessing = 0;
		};
		A36F85C62BE1661100B9D515 /* Resources */ = {
			isa = PBXResourcesBuildPhase;
			buildActionMask = 2147483647;
			files = (
			);
			runOnlyForDeploymentPostprocessing = 0;
		};
/* End PBXResourcesBuildPhase section */

/* Begin PBXSourcesBuildPhase section */
		A36F854E2BE10EAB00B9D515 /* Sources */ = {
			isa = PBXSourcesBuildPhase;
			buildActionMask = 2147483647;
			files = (
				A36F85DE2BE1759F00B9D515 /* AppDependencyContainer.swift in Sources */,
				A36F858E2BE12BD600B9D515 /* MainPageUseCasesType.swift in Sources */,
				A34928502BE25C0B00510603 /* DetailPageItem.swift in Sources */,
				A36F85992BE12F1200B9D515 /* Endpoint.swift in Sources */,
				A349284E2BE25BF100510603 /* DetailPageView.swift in Sources */,
				A36F85D52BE1730B00B9D515 /* DependencyContainer.swift in Sources */,
				A36F85DA2BE173D900B9D515 /* MainPageViewModel.swift in Sources */,
				A349285D2BE25E0900510603 /* OrthogonalListView.swift in Sources */,
				A3CF3F222BE3050A00D47A74 /* Array+Extension.swift in Sources */,
				A36F85A32BE12F9E00B9D515 /* Publisher+Extension.swift in Sources */,
				A36F85AF2BE1554200B9D515 /* Response.swift in Sources */,
				A36F85DC2BE173E900B9D515 /* MainPageView.swift in Sources */,
				A36F85A82BE1310A00B9D515 /* DisneyAPIEndopoint.swift in Sources */,
				A36F85882BE1281B00B9D515 /* MainPageRepositoryType.swift in Sources */,
				A3CF3F2A2BE3CC8900D47A74 /* ViewDidLoadModifier.swift in Sources */,
				A3CF3F2C2BE3CCB000D47A74 /* View+Extension.swift in Sources */,
				A3CF3F252BE3702D00D47A74 /* UserDefaultsStorage.swift in Sources */,
				A36F858C2BE12AC100B9D515 /* Character.swift in Sources */,
				A36F85972BE12F0100B9D515 /* DataTransferServiceType.swift in Sources */,
				A36F85E72BE184BD00B9D515 /* MainPageListItem.swift in Sources */,
				A36F85562BE10EAB00B9D515 /* DisneyCharactersApp.swift in Sources */,
				A34928592BE25D7600510603 /* EmptyView.swift in Sources */,
				A36F859D2BE12F4600B9D515 /* NetworkServiceType.swift in Sources */,
				A36F85AD2BE1319300B9D515 /* NetworkDataTransferService.swift in Sources */,
				A36F858A2BE1282D00B9D515 /* DetailPageRepositoryType.swift in Sources */,
				A36F859B2BE12F2F00B9D515 /* HTTPMethod.swift in Sources */,
				A36F85A52BE1306600B9D515 /* MainPageRepository.swift in Sources */,
				A349285F2BE26B5700510603 /* DetailPageRepository.swift in Sources */,
				A36F859F2BE12F5A00B9D515 /* NetworkService.swift in Sources */,
				A3CF3F2E2BE3D6BA00D47A74 /* CustomError.swift in Sources */,
				A349284C2BE25BDC00510603 /* DetailPageViewModel.swift in Sources */,
				A36F85E92BE1A7EF00B9D515 /* LocalDataTransferService.swift in Sources */,
				A36F85B12BE1590F00B9D515 /* API.swift in Sources */,
				A34928572BE25D6D00510603 /* LoadingView.swift in Sources */,
				A36F85EB2BE1A9C100B9D515 /* LocalDataService.swift in Sources */,
				A36F85902BE12C3A00B9D515 /* DetailPageUseCasesType.swift in Sources */,
				A36F85E52BE184B200B9D515 /* ViewState.swift in Sources */,
			);
			runOnlyForDeploymentPostprocessing = 0;
		};
		A36F855E2BE10EAF00B9D515 /* Sources */ = {
			isa = PBXSourcesBuildPhase;
			buildActionMask = 2147483647;
			files = (
				A36F85BD2BE15E3A00B9D515 /* URLProtocolMock.swift in Sources */,
				A36F85AB2BE1315100B9D515 /* MainPageRepositoryPageTests.swift in Sources */,
				A36F85E22BE1825700B9D515 /* MainPageViewModelTests.swift in Sources */,
				A36F85B82BE15D8C00B9D515 /* NetworkServiceTests.swift in Sources */,
				A36F85BB2BE15E1600B9D515 /* MockMainPageEndpoint.swift in Sources */,
				A34928612BE278B100510603 /* DetailPageRepositoryTests.swift in Sources */,
				A36F85EE2BE1B48400B9D515 /* LocalDataServiceTests.swift in Sources */,
				A34928642BE28A9E00510603 /* DetailPageViewModelTests.swift in Sources */,
				A36F85B62BE15D7100B9D515 /* MockData.swift in Sources */,
			);
			runOnlyForDeploymentPostprocessing = 0;
		};
		A36F85C42BE1661100B9D515 /* Sources */ = {
			isa = PBXSourcesBuildPhase;
			buildActionMask = 2147483647;
			files = (
				A36F85CD2BE1661100B9D515 /* DisneyCharactersUITestsLaunchTests.swift in Sources */,
				A36F85CB2BE1661100B9D515 /* DisneyCharactersUITests.swift in Sources */,
			);
			runOnlyForDeploymentPostprocessing = 0;
		};
/* End PBXSourcesBuildPhase section */

/* Begin PBXTargetDependency section */
		A36F85642BE10EAF00B9D515 /* PBXTargetDependency */ = {
			isa = PBXTargetDependency;
			target = A36F85512BE10EAB00B9D515 /* DisneyCharacters */;
			targetProxy = A36F85632BE10EAF00B9D515 /* PBXContainerItemProxy */;
		};
		A36F85CF2BE1661100B9D515 /* PBXTargetDependency */ = {
			isa = PBXTargetDependency;
			target = A36F85512BE10EAB00B9D515 /* DisneyCharacters */;
			targetProxy = A36F85CE2BE1661100B9D515 /* PBXContainerItemProxy */;
		};
/* End PBXTargetDependency section */

/* Begin XCBuildConfiguration section */
		A36F85742BE10EAF00B9D515 /* Debug */ = {
			isa = XCBuildConfiguration;
			buildSettings = {
				ALWAYS_SEARCH_USER_PATHS = NO;
				CLANG_ANALYZER_NONNULL = YES;
				CLANG_ANALYZER_NUMBER_OBJECT_CONVERSION = YES_AGGRESSIVE;
				CLANG_CXX_LANGUAGE_STANDARD = "gnu++20";
				CLANG_ENABLE_MODULES = YES;
				CLANG_ENABLE_OBJC_ARC = YES;
				CLANG_ENABLE_OBJC_WEAK = YES;
				CLANG_WARN_BLOCK_CAPTURE_AUTORELEASING = YES;
				CLANG_WARN_BOOL_CONVERSION = YES;
				CLANG_WARN_COMMA = YES;
				CLANG_WARN_CONSTANT_CONVERSION = YES;
				CLANG_WARN_DEPRECATED_OBJC_IMPLEMENTATIONS = YES;
				CLANG_WARN_DIRECT_OBJC_ISA_USAGE = YES_ERROR;
				CLANG_WARN_DOCUMENTATION_COMMENTS = YES;
				CLANG_WARN_EMPTY_BODY = YES;
				CLANG_WARN_ENUM_CONVERSION = YES;
				CLANG_WARN_INFINITE_RECURSION = YES;
				CLANG_WARN_INT_CONVERSION = YES;
				CLANG_WARN_NON_LITERAL_NULL_CONVERSION = YES;
				CLANG_WARN_OBJC_IMPLICIT_RETAIN_SELF = YES;
				CLANG_WARN_OBJC_LITERAL_CONVERSION = YES;
				CLANG_WARN_OBJC_ROOT_CLASS = YES_ERROR;
				CLANG_WARN_QUOTED_INCLUDE_IN_FRAMEWORK_HEADER = YES;
				CLANG_WARN_RANGE_LOOP_ANALYSIS = YES;
				CLANG_WARN_STRICT_PROTOTYPES = YES;
				CLANG_WARN_SUSPICIOUS_MOVE = YES;
				CLANG_WARN_UNGUARDED_AVAILABILITY = YES_AGGRESSIVE;
				CLANG_WARN_UNREACHABLE_CODE = YES;
				CLANG_WARN__DUPLICATE_METHOD_MATCH = YES;
				COPY_PHASE_STRIP = NO;
				DEBUG_INFORMATION_FORMAT = dwarf;
				ENABLE_STRICT_OBJC_MSGSEND = YES;
				ENABLE_TESTABILITY = YES;
				GCC_C_LANGUAGE_STANDARD = gnu11;
				GCC_DYNAMIC_NO_PIC = NO;
				GCC_NO_COMMON_BLOCKS = YES;
				GCC_OPTIMIZATION_LEVEL = 0;
				GCC_PREPROCESSOR_DEFINITIONS = (
					"DEBUG=1",
					"$(inherited)",
				);
				GCC_WARN_64_TO_32_BIT_CONVERSION = YES;
				GCC_WARN_ABOUT_RETURN_TYPE = YES_ERROR;
				GCC_WARN_UNDECLARED_SELECTOR = YES;
				GCC_WARN_UNINITIALIZED_AUTOS = YES_AGGRESSIVE;
				GCC_WARN_UNUSED_FUNCTION = YES;
				GCC_WARN_UNUSED_VARIABLE = YES;
				IPHONEOS_DEPLOYMENT_TARGET = 16.4;
				MTL_ENABLE_DEBUG_INFO = INCLUDE_SOURCE;
				MTL_FAST_MATH = YES;
				ONLY_ACTIVE_ARCH = YES;
				SDKROOT = iphoneos;
				SWIFT_ACTIVE_COMPILATION_CONDITIONS = DEBUG;
				SWIFT_OPTIMIZATION_LEVEL = "-Onone";
			};
			name = Debug;
		};
		A36F85752BE10EAF00B9D515 /* Release */ = {
			isa = XCBuildConfiguration;
			buildSettings = {
				ALWAYS_SEARCH_USER_PATHS = NO;
				CLANG_ANALYZER_NONNULL = YES;
				CLANG_ANALYZER_NUMBER_OBJECT_CONVERSION = YES_AGGRESSIVE;
				CLANG_CXX_LANGUAGE_STANDARD = "gnu++20";
				CLANG_ENABLE_MODULES = YES;
				CLANG_ENABLE_OBJC_ARC = YES;
				CLANG_ENABLE_OBJC_WEAK = YES;
				CLANG_WARN_BLOCK_CAPTURE_AUTORELEASING = YES;
				CLANG_WARN_BOOL_CONVERSION = YES;
				CLANG_WARN_COMMA = YES;
				CLANG_WARN_CONSTANT_CONVERSION = YES;
				CLANG_WARN_DEPRECATED_OBJC_IMPLEMENTATIONS = YES;
				CLANG_WARN_DIRECT_OBJC_ISA_USAGE = YES_ERROR;
				CLANG_WARN_DOCUMENTATION_COMMENTS = YES;
				CLANG_WARN_EMPTY_BODY = YES;
				CLANG_WARN_ENUM_CONVERSION = YES;
				CLANG_WARN_INFINITE_RECURSION = YES;
				CLANG_WARN_INT_CONVERSION = YES;
				CLANG_WARN_NON_LITERAL_NULL_CONVERSION = YES;
				CLANG_WARN_OBJC_IMPLICIT_RETAIN_SELF = YES;
				CLANG_WARN_OBJC_LITERAL_CONVERSION = YES;
				CLANG_WARN_OBJC_ROOT_CLASS = YES_ERROR;
				CLANG_WARN_QUOTED_INCLUDE_IN_FRAMEWORK_HEADER = YES;
				CLANG_WARN_RANGE_LOOP_ANALYSIS = YES;
				CLANG_WARN_STRICT_PROTOTYPES = YES;
				CLANG_WARN_SUSPICIOUS_MOVE = YES;
				CLANG_WARN_UNGUARDED_AVAILABILITY = YES_AGGRESSIVE;
				CLANG_WARN_UNREACHABLE_CODE = YES;
				CLANG_WARN__DUPLICATE_METHOD_MATCH = YES;
				COPY_PHASE_STRIP = NO;
				DEBUG_INFORMATION_FORMAT = "dwarf-with-dsym";
				ENABLE_NS_ASSERTIONS = NO;
				ENABLE_STRICT_OBJC_MSGSEND = YES;
				GCC_C_LANGUAGE_STANDARD = gnu11;
				GCC_NO_COMMON_BLOCKS = YES;
				GCC_WARN_64_TO_32_BIT_CONVERSION = YES;
				GCC_WARN_ABOUT_RETURN_TYPE = YES_ERROR;
				GCC_WARN_UNDECLARED_SELECTOR = YES;
				GCC_WARN_UNINITIALIZED_AUTOS = YES_AGGRESSIVE;
				GCC_WARN_UNUSED_FUNCTION = YES;
				GCC_WARN_UNUSED_VARIABLE = YES;
				IPHONEOS_DEPLOYMENT_TARGET = 16.4;
				MTL_ENABLE_DEBUG_INFO = NO;
				MTL_FAST_MATH = YES;
				SDKROOT = iphoneos;
				SWIFT_COMPILATION_MODE = wholemodule;
				SWIFT_OPTIMIZATION_LEVEL = "-O";
				VALIDATE_PRODUCT = YES;
			};
			name = Release;
		};
		A36F85772BE10EAF00B9D515 /* Debug */ = {
			isa = XCBuildConfiguration;
			buildSettings = {
				ASSETCATALOG_COMPILER_APPICON_NAME = AppIcon;
				ASSETCATALOG_COMPILER_GLOBAL_ACCENT_COLOR_NAME = AccentColor;
				CODE_SIGN_STYLE = Automatic;
				CURRENT_PROJECT_VERSION = 1;
				DEVELOPMENT_ASSET_PATHS = "\"DisneyCharacters/Preview Content\"";
				DEVELOPMENT_TEAM = 6F36WQVB42;
				ENABLE_PREVIEWS = YES;
				GENERATE_INFOPLIST_FILE = YES;
				INFOPLIST_KEY_UIApplicationSceneManifest_Generation = YES;
				INFOPLIST_KEY_UIApplicationSupportsIndirectInputEvents = YES;
				INFOPLIST_KEY_UILaunchScreen_Generation = YES;
				INFOPLIST_KEY_UISupportedInterfaceOrientations_iPad = "UIInterfaceOrientationPortrait UIInterfaceOrientationPortraitUpsideDown UIInterfaceOrientationLandscapeLeft UIInterfaceOrientationLandscapeRight";
				INFOPLIST_KEY_UISupportedInterfaceOrientations_iPhone = "UIInterfaceOrientationPortrait UIInterfaceOrientationLandscapeLeft UIInterfaceOrientationLandscapeRight";
				LD_RUNPATH_SEARCH_PATHS = (
					"$(inherited)",
					"@executable_path/Frameworks",
				);
				MARKETING_VERSION = 1.0;
				PRODUCT_BUNDLE_IDENTIFIER = myunghoonso.DisneyCharacters;
				PRODUCT_NAME = "$(TARGET_NAME)";
				SWIFT_EMIT_LOC_STRINGS = YES;
				SWIFT_VERSION = 5.0;
				TARGETED_DEVICE_FAMILY = "1,2";
			};
			name = Debug;
		};
		A36F85782BE10EAF00B9D515 /* Release */ = {
			isa = XCBuildConfiguration;
			buildSettings = {
				ASSETCATALOG_COMPILER_APPICON_NAME = AppIcon;
				ASSETCATALOG_COMPILER_GLOBAL_ACCENT_COLOR_NAME = AccentColor;
				CODE_SIGN_STYLE = Automatic;
				CURRENT_PROJECT_VERSION = 1;
				DEVELOPMENT_ASSET_PATHS = "\"DisneyCharacters/Preview Content\"";
				DEVELOPMENT_TEAM = 6F36WQVB42;
				ENABLE_PREVIEWS = YES;
				GENERATE_INFOPLIST_FILE = YES;
				INFOPLIST_KEY_UIApplicationSceneManifest_Generation = YES;
				INFOPLIST_KEY_UIApplicationSupportsIndirectInputEvents = YES;
				INFOPLIST_KEY_UILaunchScreen_Generation = YES;
				INFOPLIST_KEY_UISupportedInterfaceOrientations_iPad = "UIInterfaceOrientationPortrait UIInterfaceOrientationPortraitUpsideDown UIInterfaceOrientationLandscapeLeft UIInterfaceOrientationLandscapeRight";
				INFOPLIST_KEY_UISupportedInterfaceOrientations_iPhone = "UIInterfaceOrientationPortrait UIInterfaceOrientationLandscapeLeft UIInterfaceOrientationLandscapeRight";
				LD_RUNPATH_SEARCH_PATHS = (
					"$(inherited)",
					"@executable_path/Frameworks",
				);
				MARKETING_VERSION = 1.0;
				PRODUCT_BUNDLE_IDENTIFIER = myunghoonso.DisneyCharacters;
				PRODUCT_NAME = "$(TARGET_NAME)";
				SWIFT_EMIT_LOC_STRINGS = YES;
				SWIFT_VERSION = 5.0;
				TARGETED_DEVICE_FAMILY = "1,2";
			};
			name = Release;
		};
		A36F857A2BE10EAF00B9D515 /* Debug */ = {
			isa = XCBuildConfiguration;
			buildSettings = {
				ALWAYS_EMBED_SWIFT_STANDARD_LIBRARIES = YES;
				BUNDLE_LOADER = "$(TEST_HOST)";
				CODE_SIGN_STYLE = Automatic;
				CURRENT_PROJECT_VERSION = 1;
				DEVELOPMENT_TEAM = 6F36WQVB42;
				GENERATE_INFOPLIST_FILE = YES;
				IPHONEOS_DEPLOYMENT_TARGET = 16.4;
				MARKETING_VERSION = 1.0;
				PRODUCT_BUNDLE_IDENTIFIER = myunghoonso.DisneyCharactersTests;
				PRODUCT_NAME = "$(TARGET_NAME)";
				SWIFT_EMIT_LOC_STRINGS = NO;
				SWIFT_VERSION = 5.0;
				TARGETED_DEVICE_FAMILY = "1,2";
				TEST_HOST = "$(BUILT_PRODUCTS_DIR)/DisneyCharacters.app/$(BUNDLE_EXECUTABLE_FOLDER_PATH)/DisneyCharacters";
			};
			name = Debug;
		};
		A36F857B2BE10EAF00B9D515 /* Release */ = {
			isa = XCBuildConfiguration;
			buildSettings = {
				ALWAYS_EMBED_SWIFT_STANDARD_LIBRARIES = YES;
				BUNDLE_LOADER = "$(TEST_HOST)";
				CODE_SIGN_STYLE = Automatic;
				CURRENT_PROJECT_VERSION = 1;
				DEVELOPMENT_TEAM = 6F36WQVB42;
				GENERATE_INFOPLIST_FILE = YES;
				IPHONEOS_DEPLOYMENT_TARGET = 16.4;
				MARKETING_VERSION = 1.0;
				PRODUCT_BUNDLE_IDENTIFIER = myunghoonso.DisneyCharactersTests;
				PRODUCT_NAME = "$(TARGET_NAME)";
				SWIFT_EMIT_LOC_STRINGS = NO;
				SWIFT_VERSION = 5.0;
				TARGETED_DEVICE_FAMILY = "1,2";
				TEST_HOST = "$(BUILT_PRODUCTS_DIR)/DisneyCharacters.app/$(BUNDLE_EXECUTABLE_FOLDER_PATH)/DisneyCharacters";
			};
			name = Release;
		};
		A36F85D12BE1661100B9D515 /* Debug */ = {
			isa = XCBuildConfiguration;
			buildSettings = {
				CODE_SIGN_STYLE = Automatic;
				CURRENT_PROJECT_VERSION = 1;
				DEVELOPMENT_TEAM = 6F36WQVB42;
				GENERATE_INFOPLIST_FILE = YES;
				MARKETING_VERSION = 1.0;
				PRODUCT_BUNDLE_IDENTIFIER = myunghoonso.DisneyCharactersUITests;
				PRODUCT_NAME = "$(TARGET_NAME)";
				SWIFT_EMIT_LOC_STRINGS = NO;
				SWIFT_VERSION = 5.0;
				TARGETED_DEVICE_FAMILY = "1,2";
				TEST_TARGET_NAME = DisneyCharacters;
			};
			name = Debug;
		};
		A36F85D22BE1661100B9D515 /* Release */ = {
			isa = XCBuildConfiguration;
			buildSettings = {
				CODE_SIGN_STYLE = Automatic;
				CURRENT_PROJECT_VERSION = 1;
				DEVELOPMENT_TEAM = 6F36WQVB42;
				GENERATE_INFOPLIST_FILE = YES;
				MARKETING_VERSION = 1.0;
				PRODUCT_BUNDLE_IDENTIFIER = myunghoonso.DisneyCharactersUITests;
				PRODUCT_NAME = "$(TARGET_NAME)";
				SWIFT_EMIT_LOC_STRINGS = NO;
				SWIFT_VERSION = 5.0;
				TARGETED_DEVICE_FAMILY = "1,2";
				TEST_TARGET_NAME = DisneyCharacters;
			};
			name = Release;
		};
/* End XCBuildConfiguration section */

/* Begin XCConfigurationList section */
		A36F854D2BE10EAB00B9D515 /* Build configuration list for PBXProject "DisneyCharacters" */ = {
			isa = XCConfigurationList;
			buildConfigurations = (
				A36F85742BE10EAF00B9D515 /* Debug */,
				A36F85752BE10EAF00B9D515 /* Release */,
			);
			defaultConfigurationIsVisible = 0;
			defaultConfigurationName = Release;
		};
		A36F85762BE10EAF00B9D515 /* Build configuration list for PBXNativeTarget "DisneyCharacters" */ = {
			isa = XCConfigurationList;
			buildConfigurations = (
				A36F85772BE10EAF00B9D515 /* Debug */,
				A36F85782BE10EAF00B9D515 /* Release */,
			);
			defaultConfigurationIsVisible = 0;
			defaultConfigurationName = Release;
		};
		A36F85792BE10EAF00B9D515 /* Build configuration list for PBXNativeTarget "DisneyCharactersTests" */ = {
			isa = XCConfigurationList;
			buildConfigurations = (
				A36F857A2BE10EAF00B9D515 /* Debug */,
				A36F857B2BE10EAF00B9D515 /* Release */,
			);
			defaultConfigurationIsVisible = 0;
			defaultConfigurationName = Release;
		};
		A36F85D02BE1661100B9D515 /* Build configuration list for PBXNativeTarget "DisneyCharactersUITests" */ = {
			isa = XCConfigurationList;
			buildConfigurations = (
				A36F85D12BE1661100B9D515 /* Debug */,
				A36F85D22BE1661100B9D515 /* Release */,
			);
			defaultConfigurationIsVisible = 0;
			defaultConfigurationName = Release;
		};
/* End XCConfigurationList section */
	};
	rootObject = A36F854A2BE10EAB00B9D515 /* Project object */;
}
