// !$*UTF8*$!
{
	archiveVersion = 1;
	classes = {
	};
	objectVersion = 56;
	objects = {

/* Begin PBXBuildFile section */
		A36F85562BE10EAB00B9D515 /* DisneyCharactersApp.swift in Sources */ = {isa = PBXBuildFile; fileRef = A36F85552BE10EAB00B9D515 /* DisneyCharactersApp.swift */; };
		A36F85582BE10EAB00B9D515 /* ContentView.swift in Sources */ = {isa = PBXBuildFile; fileRef = A36F85572BE10EAB00B9D515 /* ContentView.swift */; };
		A36F855A2BE10EAE00B9D515 /* Assets.xcassets in Resources */ = {isa = PBXBuildFile; fileRef = A36F85592BE10EAE00B9D515 /* Assets.xcassets */; };
		A36F855D2BE10EAE00B9D515 /* Preview Assets.xcassets in Resources */ = {isa = PBXBuildFile; fileRef = A36F855C2BE10EAE00B9D515 /* Preview Assets.xcassets */; };
		A36F85672BE10EAF00B9D515 /* DisneyCharactersTests.swift in Sources */ = {isa = PBXBuildFile; fileRef = A36F85662BE10EAF00B9D515 /* DisneyCharactersTests.swift */; };
		A36F85712BE10EAF00B9D515 /* DisneyCharactersUITests.swift in Sources */ = {isa = PBXBuildFile; fileRef = A36F85702BE10EAF00B9D515 /* DisneyCharactersUITests.swift */; };
		A36F85732BE10EAF00B9D515 /* DisneyCharactersUITestsLaunchTests.swift in Sources */ = {isa = PBXBuildFile; fileRef = A36F85722BE10EAF00B9D515 /* DisneyCharactersUITestsLaunchTests.swift */; };
/* End PBXBuildFile section */

/* Begin PBXContainerItemProxy section */
		A36F85632BE10EAF00B9D515 /* PBXContainerItemProxy */ = {
			isa = PBXContainerItemProxy;
			containerPortal = A36F854A2BE10EAB00B9D515 /* Project object */;
			proxyType = 1;
			remoteGlobalIDString = A36F85512BE10EAB00B9D515;
			remoteInfo = DisneyCharacters;
		};
		A36F856D2BE10EAF00B9D515 /* PBXContainerItemProxy */ = {
			isa = PBXContainerItemProxy;
			containerPortal = A36F854A2BE10EAB00B9D515 /* Project object */;
			proxyType = 1;
			remoteGlobalIDString = A36F85512BE10EAB00B9D515;
			remoteInfo = DisneyCharacters;
		};
/* End PBXContainerItemProxy section */

/* Begin PBXFileReference section */
		A36F85522BE10EAB00B9D515 /* DisneyCharacters.app */ = {isa = PBXFileReference; explicitFileType = wrapper.application; includeInIndex = 0; path = DisneyCharacters.app; sourceTree = BUILT_PRODUCTS_DIR; };
		A36F85552BE10EAB00B9D515 /* DisneyCharactersApp.swift */ = {isa = PBXFileReference; lastKnownFileType = sourcecode.swift; path = DisneyCharactersApp.swift; sourceTree = "<group>"; };
		A36F85572BE10EAB00B9D515 /* ContentView.swift */ = {isa = PBXFileReference; lastKnownFileType = sourcecode.swift; path = ContentView.swift; sourceTree = "<group>"; };
		A36F85592BE10EAE00B9D515 /* Assets.xcassets */ = {isa = PBXFileReference; lastKnownFileType = folder.assetcatalog; path = Assets.xcassets; sourceTree = "<group>"; };
		A36F855C2BE10EAE00B9D515 /* Preview Assets.xcassets */ = {isa = PBXFileReference; lastKnownFileType = folder.assetcatalog; path = "Preview Assets.xcassets"; sourceTree = "<group>"; };
		A36F85622BE10EAF00B9D515 /* DisneyCharactersTests.xctest */ = {isa = PBXFileReference; explicitFileType = wrapper.cfbundle; includeInIndex = 0; path = DisneyCharactersTests.xctest; sourceTree = BUILT_PRODUCTS_DIR; };
		A36F85662BE10EAF00B9D515 /* DisneyCharactersTests.swift */ = {isa = PBXFileReference; lastKnownFileType = sourcecode.swift; path = DisneyCharactersTests.swift; sourceTree = "<group>"; };
		A36F856C2BE10EAF00B9D515 /* DisneyCharactersUITests.xctest */ = {isa = PBXFileReference; explicitFileType = wrapper.cfbundle; includeInIndex = 0; path = DisneyCharactersUITests.xctest; sourceTree = BUILT_PRODUCTS_DIR; };
		A36F85702BE10EAF00B9D515 /* DisneyCharactersUITests.swift */ = {isa = PBXFileReference; lastKnownFileType = sourcecode.swift; path = DisneyCharactersUITests.swift; sourceTree = "<group>"; };
		A36F85722BE10EAF00B9D515 /* DisneyCharactersUITestsLaunchTests.swift */ = {isa = PBXFileReference; lastKnownFileType = sourcecode.swift; path = DisneyCharactersUITestsLaunchTests.swift; sourceTree = "<group>"; };
/* End PBXFileReference section */

/* Begin PBXFrameworksBuildPhase section */
		A36F854F2BE10EAB00B9D515 /* Frameworks */ = {
			isa = PBXFrameworksBuildPhase;
			buildActionMask = 2147483647;
			files = (
			);
			runOnlyForDeploymentPostprocessing = 0;
		};
		A36F855F2BE10EAF00B9D515 /* Frameworks */ = {
			isa = PBXFrameworksBuildPhase;
			buildActionMask = 2147483647;
			files = (
			);
			runOnlyForDeploymentPostprocessing = 0;
		};
		A36F85692BE10EAF00B9D515 /* Frameworks */ = {
			isa = PBXFrameworksBuildPhase;
			buildActionMask = 2147483647;
			files = (
			);
			runOnlyForDeploymentPostprocessing = 0;
		};
/* End PBXFrameworksBuildPhase section */

/* Begin PBXGroup section */
		A36F85492BE10EAB00B9D515 = {
			isa = PBXGroup;
			children = (
				A36F85542BE10EAB00B9D515 /* DisneyCharacters */,
				A36F85652BE10EAF00B9D515 /* DisneyCharactersTests */,
				A36F856F2BE10EAF00B9D515 /* DisneyCharactersUITests */,
				A36F85532BE10EAB00B9D515 /* Products */,
			);
			sourceTree = "<group>";
		};
		A36F85532BE10EAB00B9D515 /* Products */ = {
			isa = PBXGroup;
			children = (
				A36F85522BE10EAB00B9D515 /* DisneyCharacters.app */,
				A36F85622BE10EAF00B9D515 /* DisneyCharactersTests.xctest */,
				A36F856C2BE10EAF00B9D515 /* DisneyCharactersUITests.xctest */,
			);
			name = Products;
			sourceTree = "<group>";
		};
		A36F85542BE10EAB00B9D515 /* DisneyCharacters */ = {
			isa = PBXGroup;
			children = (
				A36F85552BE10EAB00B9D515 /* DisneyCharactersApp.swift */,
				A36F85572BE10EAB00B9D515 /* ContentView.swift */,
				A36F85592BE10EAE00B9D515 /* Assets.xcassets */,
				A36F855B2BE10EAE00B9D515 /* Preview Content */,
			);
			path = DisneyCharacters;
			sourceTree = "<group>";
		};
		A36F855B2BE10EAE00B9D515 /* Preview Content */ = {
			isa = PBXGroup;
			children = (
				A36F855C2BE10EAE00B9D515 /* Preview Assets.xcassets */,
			);
			path = "Preview Content";
			sourceTree = "<group>";
		};
		A36F85652BE10EAF00B9D515 /* DisneyCharactersTests */ = {
			isa = PBXGroup;
			children = (
				A36F85662BE10EAF00B9D515 /* DisneyCharactersTests.swift */,
			);
			path = DisneyCharactersTests;
			sourceTree = "<group>";
		};
		A36F856F2BE10EAF00B9D515 /* DisneyCharactersUITests */ = {
			isa = PBXGroup;
			children = (
				A36F85702BE10EAF00B9D515 /* DisneyCharactersUITests.swift */,
				A36F85722BE10EAF00B9D515 /* DisneyCharactersUITestsLaunchTests.swift */,
			);
			path = DisneyCharactersUITests;
			sourceTree = "<group>";
		};
/* End PBXGroup section */

/* Begin PBXNativeTarget section */
		A36F85512BE10EAB00B9D515 /* DisneyCharacters */ = {
			isa = PBXNativeTarget;
			buildConfigurationList = A36F85762BE10EAF00B9D515 /* Build configuration list for PBXNativeTarget "DisneyCharacters" */;
			buildPhases = (
				A36F854E2BE10EAB00B9D515 /* Sources */,
				A36F854F2BE10EAB00B9D515 /* Frameworks */,
				A36F85502BE10EAB00B9D515 /* Resources */,
			);
			buildRules = (
			);
			dependencies = (
			);
			name = DisneyCharacters;
			productName = DisneyCharacters;
			productReference = A36F85522BE10EAB00B9D515 /* DisneyCharacters.app */;
			productType = "com.apple.product-type.application";
		};
		A36F85612BE10EAF00B9D515 /* DisneyCharactersTests */ = {
			isa = PBXNativeTarget;
			buildConfigurationList = A36F85792BE10EAF00B9D515 /* Build configuration list for PBXNativeTarget "DisneyCharactersTests" */;
			buildPhases = (
				A36F855E2BE10EAF00B9D515 /* Sources */,
				A36F855F2BE10EAF00B9D515 /* Frameworks */,
				A36F85602BE10EAF00B9D515 /* Resources */,
			);
			buildRules = (
			);
			dependencies = (
				A36F85642BE10EAF00B9D515 /* PBXTargetDependency */,
			);
			name = DisneyCharactersTests;
			productName = DisneyCharactersTests;
			productReference = A36F85622BE10EAF00B9D515 /* DisneyCharactersTests.xctest */;
			productType = "com.apple.product-type.bundle.unit-test";
		};
		A36F856B2BE10EAF00B9D515 /* DisneyCharactersUITests */ = {
			isa = PBXNativeTarget;
			buildConfigurationList = A36F857C2BE10EAF00B9D515 /* Build configuration list for PBXNativeTarget "DisneyCharactersUITests" */;
			buildPhases = (
				A36F85682BE10EAF00B9D515 /* Sources */,
				A36F85692BE10EAF00B9D515 /* Frameworks */,
				A36F856A2BE10EAF00B9D515 /* Resources */,
			);
			buildRules = (
			);
			dependencies = (
				A36F856E2BE10EAF00B9D515 /* PBXTargetDependency */,
			);
			name = DisneyCharactersUITests;
			productName = DisneyCharactersUITests;
			productReference = A36F856C2BE10EAF00B9D515 /* DisneyCharactersUITests.xctest */;
			productType = "com.apple.product-type.bundle.ui-testing";
		};
/* End PBXNativeTarget section */

/* Begin PBXProject section */
		A36F854A2BE10EAB00B9D515 /* Project object */ = {
			isa = PBXProject;
			attributes = {
				BuildIndependentTargetsInParallel = 1;
				LastSwiftUpdateCheck = 1430;
				LastUpgradeCheck = 1430;
				TargetAttributes = {
					A36F85512BE10EAB00B9D515 = {
						CreatedOnToolsVersion = 14.3;
					};
					A36F85612BE10EAF00B9D515 = {
						CreatedOnToolsVersion = 14.3;
						TestTargetID = A36F85512BE10EAB00B9D515;
					};
					A36F856B2BE10EAF00B9D515 = {
						CreatedOnToolsVersion = 14.3;
						TestTargetID = A36F85512BE10EAB00B9D515;
					};
				};
			};
			buildConfigurationList = A36F854D2BE10EAB00B9D515 /* Build configuration list for PBXProject "DisneyCharacters" */;
			compatibilityVersion = "Xcode 14.0";
			developmentRegion = en;
			hasScannedForEncodings = 0;
			knownRegions = (
				en,
				Base,
			);
			mainGroup = A36F85492BE10EAB00B9D515;
			productRefGroup = A36F85532BE10EAB00B9D515 /* Products */;
			projectDirPath = "";
			projectRoot = "";
			targets = (
				A36F85512BE10EAB00B9D515 /* DisneyCharacters */,
				A36F85612BE10EAF00B9D515 /* DisneyCharactersTests */,
				A36F856B2BE10EAF00B9D515 /* DisneyCharactersUITests */,
			);
		};
/* End PBXProject section */

/* Begin PBXResourcesBuildPhase section */
		A36F85502BE10EAB00B9D515 /* Resources */ = {
			isa = PBXResourcesBuildPhase;
			buildActionMask = 2147483647;
			files = (
				A36F855D2BE10EAE00B9D515 /* Preview Assets.xcassets in Resources */,
				A36F855A2BE10EAE00B9D515 /* Assets.xcassets in Resources */,
			);
			runOnlyForDeploymentPostprocessing = 0;
		};
		A36F85602BE10EAF00B9D515 /* Resources */ = {
			isa = PBXResourcesBuildPhase;
			buildActionMask = 2147483647;
			files = (
			);
			runOnlyForDeploymentPostprocessing = 0;
		};
		A36F856A2BE10EAF00B9D515 /* Resources */ = {
			isa = PBXResourcesBuildPhase;
			buildActionMask = 2147483647;
			files = (
			);
			runOnlyForDeploymentPostprocessing = 0;
		};
/* End PBXResourcesBuildPhase section */

/* Begin PBXSourcesBuildPhase section */
		A36F854E2BE10EAB00B9D515 /* Sources */ = {
			isa = PBXSourcesBuildPhase;
			buildActionMask = 2147483647;
			files = (
				A36F85582BE10EAB00B9D515 /* ContentView.swift in Sources */,
				A36F85562BE10EAB00B9D515 /* DisneyCharactersApp.swift in Sources */,
			);
			runOnlyForDeploymentPostprocessing = 0;
		};
		A36F855E2BE10EAF00B9D515 /* Sources */ = {
			isa = PBXSourcesBuildPhase;
			buildActionMask = 2147483647;
			files = (
				A36F85672BE10EAF00B9D515 /* DisneyCharactersTests.swift in Sources */,
			);
			runOnlyForDeploymentPostprocessing = 0;
		};
		A36F85682BE10EAF00B9D515 /* Sources */ = {
			isa = PBXSourcesBuildPhase;
			buildActionMask = 2147483647;
			files = (
				A36F85732BE10EAF00B9D515 /* DisneyCharactersUITestsLaunchTests.swift in Sources */,
				A36F85712BE10EAF00B9D515 /* DisneyCharactersUITests.swift in Sources */,
			);
			runOnlyForDeploymentPostprocessing = 0;
		};
/* End PBXSourcesBuildPhase section */

/* Begin PBXTargetDependency section */
		A36F85642BE10EAF00B9D515 /* PBXTargetDependency */ = {
			isa = PBXTargetDependency;
			target = A36F85512BE10EAB00B9D515 /* DisneyCharacters */;
			targetProxy = A36F85632BE10EAF00B9D515 /* PBXContainerItemProxy */;
		};
		A36F856E2BE10EAF00B9D515 /* PBXTargetDependency */ = {
			isa = PBXTargetDependency;
			target = A36F85512BE10EAB00B9D515 /* DisneyCharacters */;
			targetProxy = A36F856D2BE10EAF00B9D515 /* PBXContainerItemProxy */;
		};
/* End PBXTargetDependency section */

/* Begin XCBuildConfiguration section */
		A36F85742BE10EAF00B9D515 /* Debug */ = {
			isa = XCBuildConfiguration;
			buildSettings = {
				ALWAYS_SEARCH_USER_PATHS = NO;
				CLANG_ANALYZER_NONNULL = YES;
				CLANG_ANALYZER_NUMBER_OBJECT_CONVERSION = YES_AGGRESSIVE;
				CLANG_CXX_LANGUAGE_STANDARD = "gnu++20";
				CLANG_ENABLE_MODULES = YES;
				CLANG_ENABLE_OBJC_ARC = YES;
				CLANG_ENABLE_OBJC_WEAK = YES;
				CLANG_WARN_BLOCK_CAPTURE_AUTORELEASING = YES;
				CLANG_WARN_BOOL_CONVERSION = YES;
				CLANG_WARN_COMMA = YES;
				CLANG_WARN_CONSTANT_CONVERSION = YES;
				CLANG_WARN_DEPRECATED_OBJC_IMPLEMENTATIONS = YES;
				CLANG_WARN_DIRECT_OBJC_ISA_USAGE = YES_ERROR;
				CLANG_WARN_DOCUMENTATION_COMMENTS = YES;
				CLANG_WARN_EMPTY_BODY = YES;
				CLANG_WARN_ENUM_CONVERSION = YES;
				CLANG_WARN_INFINITE_RECURSION = YES;
				CLANG_WARN_INT_CONVERSION = YES;
				CLANG_WARN_NON_LITERAL_NULL_CONVERSION = YES;
				CLANG_WARN_OBJC_IMPLICIT_RETAIN_SELF = YES;
				CLANG_WARN_OBJC_LITERAL_CONVERSION = YES;
				CLANG_WARN_OBJC_ROOT_CLASS = YES_ERROR;
				CLANG_WARN_QUOTED_INCLUDE_IN_FRAMEWORK_HEADER = YES;
				CLANG_WARN_RANGE_LOOP_ANALYSIS = YES;
				CLANG_WARN_STRICT_PROTOTYPES = YES;
				CLANG_WARN_SUSPICIOUS_MOVE = YES;
				CLANG_WARN_UNGUARDED_AVAILABILITY = YES_AGGRESSIVE;
				CLANG_WARN_UNREACHABLE_CODE = YES;
				CLANG_WARN__DUPLICATE_METHOD_MATCH = YES;
				COPY_PHASE_STRIP = NO;
				DEBUG_INFORMATION_FORMAT = dwarf;
				ENABLE_STRICT_OBJC_MSGSEND = YES;
				ENABLE_TESTABILITY = YES;
				GCC_C_LANGUAGE_STANDARD = gnu11;
				GCC_DYNAMIC_NO_PIC = NO;
				GCC_NO_COMMON_BLOCKS = YES;
				GCC_OPTIMIZATION_LEVEL = 0;
				GCC_PREPROCESSOR_DEFINITIONS = (
					"DEBUG=1",
					"$(inherited)",
				);
				GCC_WARN_64_TO_32_BIT_CONVERSION = YES;
				GCC_WARN_ABOUT_RETURN_TYPE = YES_ERROR;
				GCC_WARN_UNDECLARED_SELECTOR = YES;
				GCC_WARN_UNINITIALIZED_AUTOS = YES_AGGRESSIVE;
				GCC_WARN_UNUSED_FUNCTION = YES;
				GCC_WARN_UNUSED_VARIABLE = YES;
				IPHONEOS_DEPLOYMENT_TARGET = 16.4;
				MTL_ENABLE_DEBUG_INFO = INCLUDE_SOURCE;
				MTL_FAST_MATH = YES;
				ONLY_ACTIVE_ARCH = YES;
				SDKROOT = iphoneos;
				SWIFT_ACTIVE_COMPILATION_CONDITIONS = DEBUG;
				SWIFT_OPTIMIZATION_LEVEL = "-Onone";
			};
			name = Debug;
		};
		A36F85752BE10EAF00B9D515 /* Release */ = {
			isa = XCBuildConfiguration;
			buildSettings = {
				ALWAYS_SEARCH_USER_PATHS = NO;
				CLANG_ANALYZER_NONNULL = YES;
				CLANG_ANALYZER_NUMBER_OBJECT_CONVERSION = YES_AGGRESSIVE;
				CLANG_CXX_LANGUAGE_STANDARD = "gnu++20";
				CLANG_ENABLE_MODULES = YES;
				CLANG_ENABLE_OBJC_ARC = YES;
				CLANG_ENABLE_OBJC_WEAK = YES;
				CLANG_WARN_BLOCK_CAPTURE_AUTORELEASING = YES;
				CLANG_WARN_BOOL_CONVERSION = YES;
				CLANG_WARN_COMMA = YES;
				CLANG_WARN_CONSTANT_CONVERSION = YES;
				CLANG_WARN_DEPRECATED_OBJC_IMPLEMENTATIONS = YES;
				CLANG_WARN_DIRECT_OBJC_ISA_USAGE = YES_ERROR;
				CLANG_WARN_DOCUMENTATION_COMMENTS = YES;
				CLANG_WARN_EMPTY_BODY = YES;
				CLANG_WARN_ENUM_CONVERSION = YES;
				CLANG_WARN_INFINITE_RECURSION = YES;
				CLANG_WARN_INT_CONVERSION = YES;
				CLANG_WARN_NON_LITERAL_NULL_CONVERSION = YES;
				CLANG_WARN_OBJC_IMPLICIT_RETAIN_SELF = YES;
				CLANG_WARN_OBJC_LITERAL_CONVERSION = YES;
				CLANG_WARN_OBJC_ROOT_CLASS = YES_ERROR;
				CLANG_WARN_QUOTED_INCLUDE_IN_FRAMEWORK_HEADER = YES;
				CLANG_WARN_RANGE_LOOP_ANALYSIS = YES;
				CLANG_WARN_STRICT_PROTOTYPES = YES;
				CLANG_WARN_SUSPICIOUS_MOVE = YES;
				CLANG_WARN_UNGUARDED_AVAILABILITY = YES_AGGRESSIVE;
				CLANG_WARN_UNREACHABLE_CODE = YES;
				CLANG_WARN__DUPLICATE_METHOD_MATCH = YES;
				COPY_PHASE_STRIP = NO;
				DEBUG_INFORMATION_FORMAT = "dwarf-with-dsym";
				ENABLE_NS_ASSERTIONS = NO;
				ENABLE_STRICT_OBJC_MSGSEND = YES;
				GCC_C_LANGUAGE_STANDARD = gnu11;
				GCC_NO_COMMON_BLOCKS = YES;
				GCC_WARN_64_TO_32_BIT_CONVERSION = YES;
				GCC_WARN_ABOUT_RETURN_TYPE = YES_ERROR;
				GCC_WARN_UNDECLARED_SELECTOR = YES;
				GCC_WARN_UNINITIALIZED_AUTOS = YES_AGGRESSIVE;
				GCC_WARN_UNUSED_FUNCTION = YES;
				GCC_WARN_UNUSED_VARIABLE = YES;
				IPHONEOS_DEPLOYMENT_TARGET = 16.4;
				MTL_ENABLE_DEBUG_INFO = NO;
				MTL_FAST_MATH = YES;
				SDKROOT = iphoneos;
				SWIFT_COMPILATION_MODE = wholemodule;
				SWIFT_OPTIMIZATION_LEVEL = "-O";
				VALIDATE_PRODUCT = YES;
			};
			name = Release;
		};
		A36F85772BE10EAF00B9D515 /* Debug */ = {
			isa = XCBuildConfiguration;
			buildSettings = {
				ASSETCATALOG_COMPILER_APPICON_NAME = AppIcon;
				ASSETCATALOG_COMPILER_GLOBAL_ACCENT_COLOR_NAME = AccentColor;
				CODE_SIGN_STYLE = Automatic;
				CURRENT_PROJECT_VERSION = 1;
				DEVELOPMENT_ASSET_PATHS = "\"DisneyCharacters/Preview Content\"";
				DEVELOPMENT_TEAM = 6F36WQVB42;
				ENABLE_PREVIEWS = YES;
				GENERATE_INFOPLIST_FILE = YES;
				INFOPLIST_KEY_UIApplicationSceneManifest_Generation = YES;
				INFOPLIST_KEY_UIApplicationSupportsIndirectInputEvents = YES;
				INFOPLIST_KEY_UILaunchScreen_Generation = YES;
				INFOPLIST_KEY_UISupportedInterfaceOrientations_iPad = "UIInterfaceOrientationPortrait UIInterfaceOrientationPortraitUpsideDown UIInterfaceOrientationLandscapeLeft UIInterfaceOrientationLandscapeRight";
				INFOPLIST_KEY_UISupportedInterfaceOrientations_iPhone = "UIInterfaceOrientationPortrait UIInterfaceOrientationLandscapeLeft UIInterfaceOrientationLandscapeRight";
				LD_RUNPATH_SEARCH_PATHS = (
					"$(inherited)",
					"@executable_path/Frameworks",
				);
				MARKETING_VERSION = 1.0;
				PRODUCT_BUNDLE_IDENTIFIER = myunghoonso.DisneyCharacters;
				PRODUCT_NAME = "$(TARGET_NAME)";
				SWIFT_EMIT_LOC_STRINGS = YES;
				SWIFT_VERSION = 5.0;
				TARGETED_DEVICE_FAMILY = "1,2";
			};
			name = Debug;
		};
		A36F85782BE10EAF00B9D515 /* Release */ = {
			isa = XCBuildConfiguration;
			buildSettings = {
				ASSETCATALOG_COMPILER_APPICON_NAME = AppIcon;
				ASSETCATALOG_COMPILER_GLOBAL_ACCENT_COLOR_NAME = AccentColor;
				CODE_SIGN_STYLE = Automatic;
				CURRENT_PROJECT_VERSION = 1;
				DEVELOPMENT_ASSET_PATHS = "\"DisneyCharacters/Preview Content\"";
				DEVELOPMENT_TEAM = 6F36WQVB42;
				ENABLE_PREVIEWS = YES;
				GENERATE_INFOPLIST_FILE = YES;
				INFOPLIST_KEY_UIApplicationSceneManifest_Generation = YES;
				INFOPLIST_KEY_UIApplicationSupportsIndirectInputEvents = YES;
				INFOPLIST_KEY_UILaunchScreen_Generation = YES;
				INFOPLIST_KEY_UISupportedInterfaceOrientations_iPad = "UIInterfaceOrientationPortrait UIInterfaceOrientationPortraitUpsideDown UIInterfaceOrientationLandscapeLeft UIInterfaceOrientationLandscapeRight";
				INFOPLIST_KEY_UISupportedInterfaceOrientations_iPhone = "UIInterfaceOrientationPortrait UIInterfaceOrientationLandscapeLeft UIInterfaceOrientationLandscapeRight";
				LD_RUNPATH_SEARCH_PATHS = (
					"$(inherited)",
					"@executable_path/Frameworks",
				);
				MARKETING_VERSION = 1.0;
				PRODUCT_BUNDLE_IDENTIFIER = myunghoonso.DisneyCharacters;
				PRODUCT_NAME = "$(TARGET_NAME)";
				SWIFT_EMIT_LOC_STRINGS = YES;
				SWIFT_VERSION = 5.0;
				TARGETED_DEVICE_FAMILY = "1,2";
			};
			name = Release;
		};
		A36F857A2BE10EAF00B9D515 /* Debug */ = {
			isa = XCBuildConfiguration;
			buildSettings = {
				ALWAYS_EMBED_SWIFT_STANDARD_LIBRARIES = YES;
				BUNDLE_LOADER = "$(TEST_HOST)";
				CODE_SIGN_STYLE = Automatic;
				CURRENT_PROJECT_VERSION = 1;
				DEVELOPMENT_TEAM = 6F36WQVB42;
				GENERATE_INFOPLIST_FILE = YES;
				IPHONEOS_DEPLOYMENT_TARGET = 16.4;
				MARKETING_VERSION = 1.0;
				PRODUCT_BUNDLE_IDENTIFIER = myunghoonso.DisneyCharactersTests;
				PRODUCT_NAME = "$(TARGET_NAME)";
				SWIFT_EMIT_LOC_STRINGS = NO;
				SWIFT_VERSION = 5.0;
				TARGETED_DEVICE_FAMILY = "1,2";
				TEST_HOST = "$(BUILT_PRODUCTS_DIR)/DisneyCharacters.app/$(BUNDLE_EXECUTABLE_FOLDER_PATH)/DisneyCharacters";
			};
			name = Debug;
		};
		A36F857B2BE10EAF00B9D515 /* Release */ = {
			isa = XCBuildConfiguration;
			buildSettings = {
				ALWAYS_EMBED_SWIFT_STANDARD_LIBRARIES = YES;
				BUNDLE_LOADER = "$(TEST_HOST)";
				CODE_SIGN_STYLE = Automatic;
				CURRENT_PROJECT_VERSION = 1;
				DEVELOPMENT_TEAM = 6F36WQVB42;
				GENERATE_INFOPLIST_FILE = YES;
				IPHONEOS_DEPLOYMENT_TARGET = 16.4;
				MARKETING_VERSION = 1.0;
				PRODUCT_BUNDLE_IDENTIFIER = myunghoonso.DisneyCharactersTests;
				PRODUCT_NAME = "$(TARGET_NAME)";
				SWIFT_EMIT_LOC_STRINGS = NO;
				SWIFT_VERSION = 5.0;
				TARGETED_DEVICE_FAMILY = "1,2";
				TEST_HOST = "$(BUILT_PRODUCTS_DIR)/DisneyCharacters.app/$(BUNDLE_EXECUTABLE_FOLDER_PATH)/DisneyCharacters";
			};
			name = Release;
		};
		A36F857D2BE10EAF00B9D515 /* Debug */ = {
			isa = XCBuildConfiguration;
			buildSettings = {
				ALWAYS_EMBED_SWIFT_STANDARD_LIBRARIES = YES;
				CODE_SIGN_STYLE = Automatic;
				CURRENT_PROJECT_VERSION = 1;
				DEVELOPMENT_TEAM = 6F36WQVB42;
				GENERATE_INFOPLIST_FILE = YES;
				MARKETING_VERSION = 1.0;
				PRODUCT_BUNDLE_IDENTIFIER = myunghoonso.DisneyCharactersUITests;
				PRODUCT_NAME = "$(TARGET_NAME)";
				SWIFT_EMIT_LOC_STRINGS = NO;
				SWIFT_VERSION = 5.0;
				TARGETED_DEVICE_FAMILY = "1,2";
				TEST_TARGET_NAME = DisneyCharacters;
			};
			name = Debug;
		};
		A36F857E2BE10EAF00B9D515 /* Release */ = {
			isa = XCBuildConfiguration;
			buildSettings = {
				ALWAYS_EMBED_SWIFT_STANDARD_LIBRARIES = YES;
				CODE_SIGN_STYLE = Automatic;
				CURRENT_PROJECT_VERSION = 1;
				DEVELOPMENT_TEAM = 6F36WQVB42;
				GENERATE_INFOPLIST_FILE = YES;
				MARKETING_VERSION = 1.0;
				PRODUCT_BUNDLE_IDENTIFIER = myunghoonso.DisneyCharactersUITests;
				PRODUCT_NAME = "$(TARGET_NAME)";
				SWIFT_EMIT_LOC_STRINGS = NO;
				SWIFT_VERSION = 5.0;
				TARGETED_DEVICE_FAMILY = "1,2";
				TEST_TARGET_NAME = DisneyCharacters;
			};
			name = Release;
		};
/* End XCBuildConfiguration section */

/* Begin XCConfigurationList section */
		A36F854D2BE10EAB00B9D515 /* Build configuration list for PBXProject "DisneyCharacters" */ = {
			isa = XCConfigurationList;
			buildConfigurations = (
				A36F85742BE10EAF00B9D515 /* Debug */,
				A36F85752BE10EAF00B9D515 /* Release */,
			);
			defaultConfigurationIsVisible = 0;
			defaultConfigurationName = Release;
		};
		A36F85762BE10EAF00B9D515 /* Build configuration list for PBXNativeTarget "DisneyCharacters" */ = {
			isa = XCConfigurationList;
			buildConfigurations = (
				A36F85772BE10EAF00B9D515 /* Debug */,
				A36F85782BE10EAF00B9D515 /* Release */,
			);
			defaultConfigurationIsVisible = 0;
			defaultConfigurationName = Release;
		};
		A36F85792BE10EAF00B9D515 /* Build configuration list for PBXNativeTarget "DisneyCharactersTests" */ = {
			isa = XCConfigurationList;
			buildConfigurations = (
				A36F857A2BE10EAF00B9D515 /* Debug */,
				A36F857B2BE10EAF00B9D515 /* Release */,
			);
			defaultConfigurationIsVisible = 0;
			defaultConfigurationName = Release;
		};
		A36F857C2BE10EAF00B9D515 /* Build configuration list for PBXNativeTarget "DisneyCharactersUITests" */ = {
			isa = XCConfigurationList;
			buildConfigurations = (
				A36F857D2BE10EAF00B9D515 /* Debug */,
				A36F857E2BE10EAF00B9D515 /* Release */,
			);
			defaultConfigurationIsVisible = 0;
			defaultConfigurationName = Release;
		};
/* End XCConfigurationList section */
	};
	rootObject = A36F854A2BE10EAB00B9D515 /* Project object */;
}
